// !$*UTF8*$!
{
	archiveVersion = 1;
	classes = {
	};
	objectVersion = 56;
	objects = {

/* Begin PBXBuildFile section */
		0903D180299FA22900BA0A5F /* MoviesHome.swift in Sources */ = {isa = PBXBuildFile; fileRef = 0903D17F299FA22900BA0A5F /* MoviesHome.swift */; };
		0903D182299FA4D000BA0A5F /* TMDBApiHelper.swift in Sources */ = {isa = PBXBuildFile; fileRef = 0903D181299FA4D000BA0A5F /* TMDBApiHelper.swift */; };
		098D6145299EC3D9009553EE /* MoviesListView.swift in Sources */ = {isa = PBXBuildFile; fileRef = 098D6144299EC3D9009553EE /* MoviesListView.swift */; };
		098D6148299EC89B009553EE /* MovieDetails.swift in Sources */ = {isa = PBXBuildFile; fileRef = 098D6147299EC89B009553EE /* MovieDetails.swift */; };
		098D614A299EC91F009553EE /* MovieDetailsView.swift in Sources */ = {isa = PBXBuildFile; fileRef = 098D6149299EC91F009553EE /* MovieDetailsView.swift */; };
		098D614D299ED258009553EE /* Constants.swift in Sources */ = {isa = PBXBuildFile; fileRef = 098D614C299ED258009553EE /* Constants.swift */; };
		098D614F299ED2B5009553EE /* APIClient.swift in Sources */ = {isa = PBXBuildFile; fileRef = 098D614E299ED2B5009553EE /* APIClient.swift */; };
		098D6151299EE0D6009553EE /* MovieListApiRepo.swift in Sources */ = {isa = PBXBuildFile; fileRef = 098D6150299EE0D6009553EE /* MovieListApiRepo.swift */; };
		09EF412A299E966900A82AC0 /* TCAMovieAppApp.swift in Sources */ = {isa = PBXBuildFile; fileRef = 09EF4129299E966900A82AC0 /* TCAMovieAppApp.swift */; };
		09EF412E299E966B00A82AC0 /* Assets.xcassets in Resources */ = {isa = PBXBuildFile; fileRef = 09EF412D299E966B00A82AC0 /* Assets.xcassets */; };
		09EF4131299E966B00A82AC0 /* Preview Assets.xcassets in Resources */ = {isa = PBXBuildFile; fileRef = 09EF4130299E966B00A82AC0 /* Preview Assets.xcassets */; };
		09EF413E299E98C500A82AC0 /* ComposableArchitecture in Frameworks */ = {isa = PBXBuildFile; productRef = 09EF413D299E98C500A82AC0 /* ComposableArchitecture */; };
		09EF4143299E992900A82AC0 /* MovieItemView.swift in Sources */ = {isa = PBXBuildFile; fileRef = 09EF4142299E992900A82AC0 /* MovieItemView.swift */; };
		09EF4145299E99A300A82AC0 /* MovieItem.swift in Sources */ = {isa = PBXBuildFile; fileRef = 09EF4144299E99A300A82AC0 /* MovieItem.swift */; };
/* End PBXBuildFile section */

/* Begin PBXFileReference section */
		0903D181299FA4D000BA0A5F /* TMDBApiHelper.swift */ = {isa = PBXFileReference; lastKnownFileType = sourcecode.swift; path = TMDBApiHelper.swift; sourceTree = "<group>"; };
		098D6144299EC3D9009553EE /* MoviesListView.swift */ = {isa = PBXFileReference; lastKnownFileType = sourcecode.swift; path = MoviesListView.swift; sourceTree = "<group>"; };
		098D6147299EC89B009553EE /* MovieDetails.swift */ = {isa = PBXFileReference; lastKnownFileType = sourcecode.swift; path = MovieDetails.swift; sourceTree = "<group>"; };
		098D6149299EC91F009553EE /* MovieDetailsView.swift */ = {isa = PBXFileReference; lastKnownFileType = sourcecode.swift; path = MovieDetailsView.swift; sourceTree = "<group>"; };
		098D614C299ED258009553EE /* Constants.swift */ = {isa = PBXFileReference; lastKnownFileType = sourcecode.swift; path = Constants.swift; sourceTree = "<group>"; };
		098D614E299ED2B5009553EE /* APIClient.swift */ = {isa = PBXFileReference; lastKnownFileType = sourcecode.swift; path = APIClient.swift; sourceTree = "<group>"; };
		098D6150299EE0D6009553EE /* MovieListApiRepo.swift */ = {isa = PBXFileReference; lastKnownFileType = sourcecode.swift; path = MovieListApiRepo.swift; sourceTree = "<group>"; };
		09EF4126299E966900A82AC0 /* TCAMovieApp.app */ = {isa = PBXFileReference; explicitFileType = wrapper.application; includeInIndex = 0; path = TCAMovieApp.app; sourceTree = BUILT_PRODUCTS_DIR; };
		09EF4129299E966900A82AC0 /* TCAMovieAppApp.swift */ = {isa = PBXFileReference; lastKnownFileType = sourcecode.swift; path = TCAMovieAppApp.swift; sourceTree = "<group>"; };
		09EF412D299E966B00A82AC0 /* Assets.xcassets */ = {isa = PBXFileReference; lastKnownFileType = folder.assetcatalog; path = Assets.xcassets; sourceTree = "<group>"; };
		09EF4130299E966B00A82AC0 /* Preview Assets.xcassets */ = {isa = PBXFileReference; lastKnownFileType = folder.assetcatalog; path = "Preview Assets.xcassets"; sourceTree = "<group>"; };
		09EF4142299E992900A82AC0 /* MovieItemView.swift */ = {isa = PBXFileReference; lastKnownFileType = sourcecode.swift; path = MovieItemView.swift; sourceTree = "<group>"; };
		09EF4144299E99A300A82AC0 /* MovieItem.swift */ = {isa = PBXFileReference; lastKnownFileType = sourcecode.swift; path = MovieItem.swift; sourceTree = "<group>"; };
/* End PBXFileReference section */

/* Begin PBXFrameworksBuildPhase section */
		09EF4123299E966900A82AC0 /* Frameworks */ = {
			isa = PBXFrameworksBuildPhase;
			buildActionMask = 2147483647;
			files = (
				09EF413E299E98C500A82AC0 /* ComposableArchitecture in Frameworks */,
			);
			runOnlyForDeploymentPostprocessing = 0;
		};
/* End PBXFrameworksBuildPhase section */

/* Begin PBXGroup section */
		098D6143299EC3CA009553EE /* MoviesList */ = {
			isa = PBXGroup;
			children = (
				098D6144299EC3D9009553EE /* MoviesListView.swift */,
				098D6150299EE0D6009553EE /* MovieListApiRepo.swift */,
			);
			path = MoviesList;
			sourceTree = "<group>";
		};
		098D6146299EC887009553EE /* MovieDetails */ = {
			isa = PBXGroup;
			children = (
				098D6147299EC89B009553EE /* MovieDetails.swift */,
				098D6149299EC91F009553EE /* MovieDetailsView.swift */,
			);
			path = MovieDetails;
			sourceTree = "<group>";
		};
		098D614B299ED250009553EE /* Base */ = {
			isa = PBXGroup;
			children = (
				098D614C299ED258009553EE /* Constants.swift */,
				0903D181299FA4D000BA0A5F /* TMDBApiHelper.swift */,
				098D614E299ED2B5009553EE /* APIClient.swift */,
			);
			path = Base;
			sourceTree = "<group>";
		};
		09EF411D299E966900A82AC0 = {
			isa = PBXGroup;
			children = (
				09EF4128299E966900A82AC0 /* TCAMovieApp */,
				09EF4127299E966900A82AC0 /* Products */,
			);
			sourceTree = "<group>";
		};
		09EF4127299E966900A82AC0 /* Products */ = {
			isa = PBXGroup;
			children = (
				09EF4126299E966900A82AC0 /* TCAMovieApp.app */,
			);
			name = Products;
			sourceTree = "<group>";
		};
		09EF4128299E966900A82AC0 /* TCAMovieApp */ = {
			isa = PBXGroup;
			children = (
				098D614B299ED250009553EE /* Base */,
				098D6146299EC887009553EE /* MovieDetails */,
				098D6143299EC3CA009553EE /* MoviesList */,
				09EF413F299E991B00A82AC0 /* MovieItem */,
				09EF4129299E966900A82AC0 /* TCAMovieAppApp.swift */,
				09EF412D299E966B00A82AC0 /* Assets.xcassets */,
				09EF412F299E966B00A82AC0 /* Preview Content */,
			);
			path = TCAMovieApp;
			sourceTree = "<group>";
		};
		09EF412F299E966B00A82AC0 /* Preview Content */ = {
			isa = PBXGroup;
			children = (
				09EF4130299E966B00A82AC0 /* Preview Assets.xcassets */,
			);
			path = "Preview Content";
			sourceTree = "<group>";
		};
		09EF413F299E991B00A82AC0 /* MovieItem */ = {
			isa = PBXGroup;
			children = (
				09EF4142299E992900A82AC0 /* MovieItemView.swift */,
				09EF4144299E99A300A82AC0 /* MovieItem.swift */,
			);
			path = MovieItem;
			sourceTree = "<group>";
		};
/* End PBXGroup section */

/* Begin PBXNativeTarget section */
		09EF4125299E966900A82AC0 /* TCAMovieApp */ = {
			isa = PBXNativeTarget;
			buildConfigurationList = 09EF4134299E966B00A82AC0 /* Build configuration list for PBXNativeTarget "TCAMovieApp" */;
			buildPhases = (
				09EF4122299E966900A82AC0 /* Sources */,
				09EF4123299E966900A82AC0 /* Frameworks */,
				09EF4124299E966900A82AC0 /* Resources */,
			);
			buildRules = (
			);
			dependencies = (
			);
			name = TCAMovieApp;
			packageProductDependencies = (
				09EF413D299E98C500A82AC0 /* ComposableArchitecture */,
			);
			productName = TCAMovieApp;
			productReference = 09EF4126299E966900A82AC0 /* TCAMovieApp.app */;
			productType = "com.apple.product-type.application";
		};
/* End PBXNativeTarget section */

/* Begin PBXProject section */
		09EF411E299E966900A82AC0 /* Project object */ = {
			isa = PBXProject;
			attributes = {
				BuildIndependentTargetsInParallel = 1;
				LastSwiftUpdateCheck = 1400;
				LastUpgradeCheck = 1400;
				TargetAttributes = {
					09EF4125299E966900A82AC0 = {
						CreatedOnToolsVersion = 14.0.1;
					};
				};
			};
			buildConfigurationList = 09EF4121299E966900A82AC0 /* Build configuration list for PBXProject "TCAMovieApp" */;
			compatibilityVersion = "Xcode 14.0";
			developmentRegion = en;
			hasScannedForEncodings = 0;
			knownRegions = (
				en,
				Base,
			);
			mainGroup = 09EF411D299E966900A82AC0;
			packageReferences = (
				09EF413C299E98C500A82AC0 /* XCRemoteSwiftPackageReference "swift-composable-architecture" */,
			);
			productRefGroup = 09EF4127299E966900A82AC0 /* Products */;
			projectDirPath = "";
			projectRoot = "";
			targets = (
				09EF4125299E966900A82AC0 /* TCAMovieApp */,
			);
		};
/* End PBXProject section */

/* Begin PBXResourcesBuildPhase section */
		09EF4124299E966900A82AC0 /* Resources */ = {
			isa = PBXResourcesBuildPhase;
			buildActionMask = 2147483647;
			files = (
				09EF4131299E966B00A82AC0 /* Preview Assets.xcassets in Resources */,
				09EF412E299E966B00A82AC0 /* Assets.xcassets in Resources */,
			);
			runOnlyForDeploymentPostprocessing = 0;
		};
/* End PBXResourcesBuildPhase section */

/* Begin PBXSourcesBuildPhase section */
		09EF4122299E966900A82AC0 /* Sources */ = {
			isa = PBXSourcesBuildPhase;
			buildActionMask = 2147483647;
			files = (
				098D6145299EC3D9009553EE /* MoviesListView.swift in Sources */,
				098D6151299EE0D6009553EE /* MovieListApiRepo.swift in Sources */,
				098D614A299EC91F009553EE /* MovieDetailsView.swift in Sources */,
				0903D182299FA4D000BA0A5F /* TMDBApiHelper.swift in Sources */,
				09EF4143299E992900A82AC0 /* MovieItemView.swift in Sources */,
				09EF412A299E966900A82AC0 /* TCAMovieAppApp.swift in Sources */,
				09EF4145299E99A300A82AC0 /* MovieItem.swift in Sources */,
				098D6148299EC89B009553EE /* MovieDetails.swift in Sources */,
				098D614D299ED258009553EE /* Constants.swift in Sources */,
				098D614F299ED2B5009553EE /* APIClient.swift in Sources */,
			);
			runOnlyForDeploymentPostprocessing = 0;
		};
/* End PBXSourcesBuildPhase section */

/* Begin XCBuildConfiguration section */
		09EF4132299E966B00A82AC0 /* Debug */ = {
			isa = XCBuildConfiguration;
			buildSettings = {
				ALWAYS_SEARCH_USER_PATHS = NO;
				CLANG_ANALYZER_NONNULL = YES;
				CLANG_ANALYZER_NUMBER_OBJECT_CONVERSION = YES_AGGRESSIVE;
				CLANG_CXX_LANGUAGE_STANDARD = "gnu++20";
				CLANG_ENABLE_MODULES = YES;
				CLANG_ENABLE_OBJC_ARC = YES;
				CLANG_ENABLE_OBJC_WEAK = YES;
				CLANG_WARN_BLOCK_CAPTURE_AUTORELEASING = YES;
				CLANG_WARN_BOOL_CONVERSION = YES;
				CLANG_WARN_COMMA = YES;
				CLANG_WARN_CONSTANT_CONVERSION = YES;
				CLANG_WARN_DEPRECATED_OBJC_IMPLEMENTATIONS = YES;
				CLANG_WARN_DIRECT_OBJC_ISA_USAGE = YES_ERROR;
				CLANG_WARN_DOCUMENTATION_COMMENTS = YES;
				CLANG_WARN_EMPTY_BODY = YES;
				CLANG_WARN_ENUM_CONVERSION = YES;
				CLANG_WARN_INFINITE_RECURSION = YES;
				CLANG_WARN_INT_CONVERSION = YES;
				CLANG_WARN_NON_LITERAL_NULL_CONVERSION = YES;
				CLANG_WARN_OBJC_IMPLICIT_RETAIN_SELF = YES;
				CLANG_WARN_OBJC_LITERAL_CONVERSION = YES;
				CLANG_WARN_OBJC_ROOT_CLASS = YES_ERROR;
				CLANG_WARN_QUOTED_INCLUDE_IN_FRAMEWORK_HEADER = YES;
				CLANG_WARN_RANGE_LOOP_ANALYSIS = YES;
				CLANG_WARN_STRICT_PROTOTYPES = YES;
				CLANG_WARN_SUSPICIOUS_MOVE = YES;
				CLANG_WARN_UNGUARDED_AVAILABILITY = YES_AGGRESSIVE;
				CLANG_WARN_UNREACHABLE_CODE = YES;
				CLANG_WARN__DUPLICATE_METHOD_MATCH = YES;
				COPY_PHASE_STRIP = NO;
				DEBUG_INFORMATION_FORMAT = dwarf;
				ENABLE_STRICT_OBJC_MSGSEND = YES;
				ENABLE_TESTABILITY = YES;
				GCC_C_LANGUAGE_STANDARD = gnu11;
				GCC_DYNAMIC_NO_PIC = NO;
				GCC_NO_COMMON_BLOCKS = YES;
				GCC_OPTIMIZATION_LEVEL = 0;
				GCC_PREPROCESSOR_DEFINITIONS = (
					"DEBUG=1",
					"$(inherited)",
				);
				GCC_WARN_64_TO_32_BIT_CONVERSION = YES;
				GCC_WARN_ABOUT_RETURN_TYPE = YES_ERROR;
				GCC_WARN_UNDECLARED_SELECTOR = YES;
				GCC_WARN_UNINITIALIZED_AUTOS = YES_AGGRESSIVE;
				GCC_WARN_UNUSED_FUNCTION = YES;
				GCC_WARN_UNUSED_VARIABLE = YES;
				IPHONEOS_DEPLOYMENT_TARGET = 16.0;
				MTL_ENABLE_DEBUG_INFO = INCLUDE_SOURCE;
				MTL_FAST_MATH = YES;
				ONLY_ACTIVE_ARCH = YES;
				SDKROOT = iphoneos;
				SWIFT_ACTIVE_COMPILATION_CONDITIONS = DEBUG;
				SWIFT_OPTIMIZATION_LEVEL = "-Onone";
			};
			name = Debug;
		};
		09EF4133299E966B00A82AC0 /* Release */ = {
			isa = XCBuildConfiguration;
			buildSettings = {
				ALWAYS_SEARCH_USER_PATHS = NO;
				CLANG_ANALYZER_NONNULL = YES;
				CLANG_ANALYZER_NUMBER_OBJECT_CONVERSION = YES_AGGRESSIVE;
				CLANG_CXX_LANGUAGE_STANDARD = "gnu++20";
				CLANG_ENABLE_MODULES = YES;
				CLANG_ENABLE_OBJC_ARC = YES;
				CLANG_ENABLE_OBJC_WEAK = YES;
				CLANG_WARN_BLOCK_CAPTURE_AUTORELEASING = YES;
				CLANG_WARN_BOOL_CONVERSION = YES;
				CLANG_WARN_COMMA = YES;
				CLANG_WARN_CONSTANT_CONVERSION = YES;
				CLANG_WARN_DEPRECATED_OBJC_IMPLEMENTATIONS = YES;
				CLANG_WARN_DIRECT_OBJC_ISA_USAGE = YES_ERROR;
				CLANG_WARN_DOCUMENTATION_COMMENTS = YES;
				CLANG_WARN_EMPTY_BODY = YES;
				CLANG_WARN_ENUM_CONVERSION = YES;
				CLANG_WARN_INFINITE_RECURSION = YES;
				CLANG_WARN_INT_CONVERSION = YES;
				CLANG_WARN_NON_LITERAL_NULL_CONVERSION = YES;
				CLANG_WARN_OBJC_IMPLICIT_RETAIN_SELF = YES;
				CLANG_WARN_OBJC_LITERAL_CONVERSION = YES;
				CLANG_WARN_OBJC_ROOT_CLASS = YES_ERROR;
				CLANG_WARN_QUOTED_INCLUDE_IN_FRAMEWORK_HEADER = YES;
				CLANG_WARN_RANGE_LOOP_ANALYSIS = YES;
				CLANG_WARN_STRICT_PROTOTYPES = YES;
				CLANG_WARN_SUSPICIOUS_MOVE = YES;
				CLANG_WARN_UNGUARDED_AVAILABILITY = YES_AGGRESSIVE;
				CLANG_WARN_UNREACHABLE_CODE = YES;
				CLANG_WARN__DUPLICATE_METHOD_MATCH = YES;
				COPY_PHASE_STRIP = NO;
				DEBUG_INFORMATION_FORMAT = "dwarf-with-dsym";
				ENABLE_NS_ASSERTIONS = NO;
				ENABLE_STRICT_OBJC_MSGSEND = YES;
				GCC_C_LANGUAGE_STANDARD = gnu11;
				GCC_NO_COMMON_BLOCKS = YES;
				GCC_WARN_64_TO_32_BIT_CONVERSION = YES;
				GCC_WARN_ABOUT_RETURN_TYPE = YES_ERROR;
				GCC_WARN_UNDECLARED_SELECTOR = YES;
				GCC_WARN_UNINITIALIZED_AUTOS = YES_AGGRESSIVE;
				GCC_WARN_UNUSED_FUNCTION = YES;
				GCC_WARN_UNUSED_VARIABLE = YES;
				IPHONEOS_DEPLOYMENT_TARGET = 16.0;
				MTL_ENABLE_DEBUG_INFO = NO;
				MTL_FAST_MATH = YES;
				SDKROOT = iphoneos;
				SWIFT_COMPILATION_MODE = wholemodule;
				SWIFT_OPTIMIZATION_LEVEL = "-O";
				VALIDATE_PRODUCT = YES;
			};
			name = Release;
		};
		09EF4135299E966B00A82AC0 /* Debug */ = {
			isa = XCBuildConfiguration;
			buildSettings = {
				ASSETCATALOG_COMPILER_APPICON_NAME = AppIcon;
				ASSETCATALOG_COMPILER_GLOBAL_ACCENT_COLOR_NAME = AccentColor;
				CODE_SIGN_STYLE = Automatic;
				CURRENT_PROJECT_VERSION = 1;
				DEVELOPMENT_ASSET_PATHS = "\"TCAMovieApp/Preview Content\"";
				DEVELOPMENT_TEAM = "";
				ENABLE_PREVIEWS = YES;
				GENERATE_INFOPLIST_FILE = YES;
				INFOPLIST_KEY_UIApplicationSceneManifest_Generation = YES;
				INFOPLIST_KEY_UIApplicationSupportsIndirectInputEvents = YES;
				INFOPLIST_KEY_UILaunchScreen_Generation = YES;
				INFOPLIST_KEY_UISupportedInterfaceOrientations_iPad = "UIInterfaceOrientationPortrait UIInterfaceOrientationPortraitUpsideDown UIInterfaceOrientationLandscapeLeft UIInterfaceOrientationLandscapeRight";
				INFOPLIST_KEY_UISupportedInterfaceOrientations_iPhone = "UIInterfaceOrientationPortrait UIInterfaceOrientationLandscapeLeft UIInterfaceOrientationLandscapeRight";
				LD_RUNPATH_SEARCH_PATHS = (
					"$(inherited)",
					"@executable_path/Frameworks",
				);
				MARKETING_VERSION = 1.0;
				PRODUCT_BUNDLE_IDENTIFIER = com.example.TCAMovieApp;
				PRODUCT_NAME = "$(TARGET_NAME)";
				SWIFT_EMIT_LOC_STRINGS = YES;
				SWIFT_VERSION = 5.0;
				TARGETED_DEVICE_FAMILY = "1,2";
			};
			name = Debug;
		};
		09EF4136299E966B00A82AC0 /* Release */ = {
			isa = XCBuildConfiguration;
			buildSettings = {
				ASSETCATALOG_COMPILER_APPICON_NAME = AppIcon;
				ASSETCATALOG_COMPILER_GLOBAL_ACCENT_COLOR_NAME = AccentColor;
				CODE_SIGN_STYLE = Automatic;
				CURRENT_PROJECT_VERSION = 1;
				DEVELOPMENT_ASSET_PATHS = "\"TCAMovieApp/Preview Content\"";
				DEVELOPMENT_TEAM = "";
				ENABLE_PREVIEWS = YES;
				GENERATE_INFOPLIST_FILE = YES;
				INFOPLIST_KEY_UIApplicationSceneManifest_Generation = YES;
				INFOPLIST_KEY_UIApplicationSupportsIndirectInputEvents = YES;
				INFOPLIST_KEY_UILaunchScreen_Generation = YES;
				INFOPLIST_KEY_UISupportedInterfaceOrientations_iPad = "UIInterfaceOrientationPortrait UIInterfaceOrientationPortraitUpsideDown UIInterfaceOrientationLandscapeLeft UIInterfaceOrientationLandscapeRight";
				INFOPLIST_KEY_UISupportedInterfaceOrientations_iPhone = "UIInterfaceOrientationPortrait UIInterfaceOrientationLandscapeLeft UIInterfaceOrientationLandscapeRight";
				LD_RUNPATH_SEARCH_PATHS = (
					"$(inherited)",
					"@executable_path/Frameworks",
				);
				MARKETING_VERSION = 1.0;
				PRODUCT_BUNDLE_IDENTIFIER = com.example.TCAMovieApp;
				PRODUCT_NAME = "$(TARGET_NAME)";
				SWIFT_EMIT_LOC_STRINGS = YES;
				SWIFT_VERSION = 5.0;
				TARGETED_DEVICE_FAMILY = "1,2";
			};
			name = Release;
		};
/* End XCBuildConfiguration section */

/* Begin XCConfigurationList section */
		09EF4121299E966900A82AC0 /* Build configuration list for PBXProject "TCAMovieApp" */ = {
			isa = XCConfigurationList;
			buildConfigurations = (
				09EF4132299E966B00A82AC0 /* Debug */,
				09EF4133299E966B00A82AC0 /* Release */,
			);
			defaultConfigurationIsVisible = 0;
			defaultConfigurationName = Release;
		};
		09EF4134299E966B00A82AC0 /* Build configuration list for PBXNativeTarget "TCAMovieApp" */ = {
			isa = XCConfigurationList;
			buildConfigurations = (
				09EF4135299E966B00A82AC0 /* Debug */,
				09EF4136299E966B00A82AC0 /* Release */,
			);
			defaultConfigurationIsVisible = 0;
			defaultConfigurationName = Release;
		};
/* End XCConfigurationList section */

/* Begin XCRemoteSwiftPackageReference section */
		09EF413C299E98C500A82AC0 /* XCRemoteSwiftPackageReference "swift-composable-architecture" */ = {
			isa = XCRemoteSwiftPackageReference;
			repositoryURL = "https://github.com/pointfreeco/swift-composable-architecture.git";
			requirement = {
				kind = upToNextMajorVersion;
				minimumVersion = 0.9.0;
			};
		};
/* End XCRemoteSwiftPackageReference section */

/* Begin XCSwiftPackageProductDependency section */
		09EF413D299E98C500A82AC0 /* ComposableArchitecture */ = {
			isa = XCSwiftPackageProductDependency;
			package = 09EF413C299E98C500A82AC0 /* XCRemoteSwiftPackageReference "swift-composable-architecture" */;
			productName = ComposableArchitecture;
		};
/* End XCSwiftPackageProductDependency section */
	};
	rootObject = 09EF411E299E966900A82AC0 /* Project object */;
}
